// !$*UTF8*$!
{
	archiveVersion = 1;
	classes = {};
	objectVersion = 56;
	objects = {
/* Begin PBXBuildFile section */
		A001 /* ContentView.swift in Sources */ = {isa = PBXBuildFile; fileRef = A002; };
		A005 /* Assets.xcassets in Resources */ = {isa = PBXBuildFile; fileRef = A006; };
/* End PBXBuildFile section */
/* Begin PBXFileReference section */
		A002 /* ContentView.swift */ = {isa = PBXFileReference; lastKnownFileType = sourcecode.swift; path = ContentView.swift; sourceTree = "<group>"; };
		A003 /* Info.plist */ = {isa = PBXFileReference; lastKnownFileType = text.plist.xml; path = Info.plist; sourceTree = "<group>"; };
		A004 /* DashboardApp.app */ = {isa = PBXFileReference; explicitFileType = wrapper.application; includeInIndex = 0; path = DashboardApp.app; sourceTree = BUILT_PRODUCTS_DIR; };
		A006 /* Assets.xcassets */ = {isa = PBXFileReference; lastKnownFileType = folder.assetcatalog; path = Assets.xcassets; sourceTree = "<group>"; };
/* End PBXFileReference section */
/* Begin PBXFrameworksBuildPhase section */
		A010 = {isa = PBXFrameworksBuildPhase; buildActionMask = 2147483647; files = (); runOnlyForDeploymentPostprocessing = 0; };
/* End PBXFrameworksBuildPhase section */
/* Begin PBXGroup section */
		A020 = {isa = PBXGroup; children = (A021, A022); sourceTree = "<group>"; };
		A021 = {isa = PBXGroup; children = (A002, A003, A006); path = DashboardApp; sourceTree = "<group>"; };
		A022 = {isa = PBXGroup; children = (A004); name = Products; sourceTree = "<group>"; };
/* End PBXGroup section */
/* Begin PBXNativeTarget section */
		A030 /* DashboardApp */ = {
			isa = PBXNativeTarget;
			buildConfigurationList = A031;
			buildPhases = (A040, A010, A050);
			buildRules = ();
			dependencies = ();
			name = DashboardApp;
			productName = DashboardApp;
			productReference = A004;
			productType = "com.apple.product-type.application";
		};
/* End PBXNativeTarget section */
/* Begin PBXProject section */
		A060 = {
			isa = PBXProject;
			attributes = {BuildIndependentTargetsInParallel = 1; LastSwiftUpdateCheck = 1400; LastUpgradeCheck = 1400; TargetAttributes = {A030 = {CreatedOnToolsVersion = 14.0;};};};
			buildConfigurationList = A061;
			compatibilityVersion = "Xcode 14.0";
			developmentRegion = en;
			hasScannedForEncodings = 0;
			knownRegions = (en, Base);
			mainGroup = A020;
			productRefGroup = A022;
			projectDirPath = "";
			projectRoot = "";
			targets = (A030);
		};
/* End PBXProject section */
/* Begin PBXResourcesBuildPhase section */
		A050 = {isa = PBXResourcesBuildPhase; buildActionMask = 2147483647; files = (A005); runOnlyForDeploymentPostprocessing = 0; };
/* End PBXResourcesBuildPhase section */
/* Begin PBXSourcesBuildPhase section */
		A040 = {isa = PBXSourcesBuildPhase; buildActionMask = 2147483647; files = (A001); runOnlyForDeploymentPostprocessing = 0; };
/* End PBXSourcesBuildPhase section */
/* Begin XCBuildConfiguration section */
		A031A = {
			isa = XCBuildConfiguration;
			buildSettings = {
				ALWAYS_SEARCH_USER_PATHS = NO;
				ASSETCATALOG_COMPILER_APPICON_NAME = AppIcon;
				CODE_SIGN_IDENTITY = "";
				CODE_SIGNING_ALLOWED = NO;
				CODE_SIGNING_REQUIRED = NO;
				INFOPLIST_FILE = DashboardApp/Info.plist;
				IPHONEOS_DEPLOYMENT_TARGET = 15.0;
				PRODUCT_BUNDLE_IDENTIFIER = com.local.dashboard;
				PRODUCT_NAME = DashboardApp;
				SDKROOT = iphoneos;
				SWIFT_VERSION = 5.0;
				TARGETED_DEVICE_FAMILY = "1,2";
			};
			name = Debug;
		};
		A031B = {
			isa = XCBuildConfiguration;
			buildSettings = {
				ALWAYS_SEARCH_USER_PATHS = NO;
				ASSETCATALOG_COMPILER_APPICON_NAME = AppIcon;
				CODE_SIGN_IDENTITY = "";
				CODE_SIGNING_ALLOWED = NO;
				CODE_SIGNING_REQUIRED = NO;
				INFOPLIST_FILE = DashboardApp/Info.plist;
				IPHONEOS_DEPLOYMENT_TARGET = 15.0;
				PRODUCT_BUNDLE_IDENTIFIER = com.local.dashboard;
				PRODUCT_NAME = DashboardApp;
				SDKROOT = iphoneos;
				SWIFT_VERSION = 5.0;
				TARGETED_DEVICE_FAMILY = "1,2";
				VALIDATE_PRODUCT = YES;
			};
			name = Release;
		};
		A061A = {isa = XCBuildConfiguration; buildSettings = {ALWAYS_SEARCH_USER_PATHS = NO; IPHONEOS_DEPLOYMENT_TARGET = 15.0; SDKROOT = iphoneos; SWIFT_VERSION = 5.0;}; name = Debug; };
		A061B = {isa = XCBuildConfiguration; buildSettings = {ALWAYS_SEARCH_USER_PATHS = NO; IPHONEOS_DEPLOYMENT_TARGET = 15.0; SDKROOT = iphoneos; SWIFT_VERSION = 5.0; VALIDATE_PRODUCT = YES;}; name = Release; };
/* End XCBuildConfiguration section */
/* Begin XCConfigurationList section */
		A031 = {isa = XCConfigurationList; buildConfigurations = (A031A, A031B); defaultConfigurationIsVisible = 0; defaultConfigurationName = Release; };
		A061 = {isa = XCConfigurationList; buildConfigurations = (A061A, A061B); defaultConfigurationIsVisible = 0; defaultConfigurationName = Release; };
/* End XCConfigurationList section */
	};
	rootObject = A060;
}
